
Microsoft Visual Studio Solution File, Format Version 12.00
# Visual Studio Version 17
VisualStudioVersion = 17.2.32526.322
MinimumVisualStudioVersion = 10.0.40219.1
Project("{9A19103F-16F7-4668-BE54-9A1E7A4F7556}") = "Pluto", "Pluto\Pluto.csproj", "{8D0F9B47-6A07-435D-8BA2-4DF5C83C09CB}"
EndProject
Project("{9A19103F-16F7-4668-BE54-9A1E7A4F7556}") = "PlutoTest", "Pluto.Tests\PlutoTest.csproj", "{A5EB3F77-7E19-48C5-BA57-FE555B1615B7}"
EndProject
Global
	GlobalSection(SolutionConfigurationPlatforms) = preSolution
		Debug|Any CPU = Debug|Any CPU
		Release|Any CPU = Release|Any CPU
	EndGlobalSection
	GlobalSection(ProjectConfigurationPlatforms) = postSolution
		{8D0F9B47-6A07-435D-8BA2-4DF5C83C09CB}.Debug|Any CPU.ActiveCfg = Debug|Any CPU
		{8D0F9B47-6A07-435D-8BA2-4DF5C83C09CB}.Debug|Any CPU.Build.0 = Debug|Any CPU
		{8D0F9B47-6A07-435D-8BA2-4DF5C83C09CB}.Release|Any CPU.ActiveCfg = Release|Any CPU
		{8D0F9B47-6A07-435D-8BA2-4DF5C83C09CB}.Release|Any CPU.Build.0 = Release|Any CPU
		{A5EB3F77-7E19-48C5-BA57-FE555B1615B7}.Debug|Any CPU.ActiveCfg = Debug|Any CPU
		{A5EB3F77-7E19-48C5-BA57-FE555B1615B7}.Debug|Any CPU.Build.0 = Debug|Any CPU
		{A5EB3F77-7E19-48C5-BA57-FE555B1615B7}.Release|Any CPU.ActiveCfg = Release|Any CPU
		{A5EB3F77-7E19-48C5-BA57-FE555B1615B7}.Release|Any CPU.Build.0 = Release|Any CPU
	EndGlobalSection
	GlobalSection(SolutionProperties) = preSolution
		HideSolutionNode = FALSE
	EndGlobalSection
	GlobalSection(ExtensibilityGlobals) = postSolution
		SolutionGuid = {B4E2E275-E926-4BA5-A58B-BCBE145CCA5D}
	EndGlobalSection
EndGlobal
